// !$*UTF8*$!
{
	archiveVersion = 1;
	classes = {
	};
	objectVersion = 56;
	objects = {

/* Begin PBXBuildFile section */
		E96FFE622A02B35000F2630D /* vimeo_uploader_swiftApp.swift in Sources */ = {isa = PBXBuildFile; fileRef = E96FFE612A02B35000F2630D /* vimeo_uploader_swiftApp.swift */; };
		E96FFE642A02B35000F2630D /* ContentView.swift in Sources */ = {isa = PBXBuildFile; fileRef = E96FFE632A02B35000F2630D /* ContentView.swift */; };
		E96FFE662A02B35100F2630D /* Assets.xcassets in Resources */ = {isa = PBXBuildFile; fileRef = E96FFE652A02B35100F2630D /* Assets.xcassets */; };
		E96FFE692A02B35100F2630D /* Preview Assets.xcassets in Resources */ = {isa = PBXBuildFile; fileRef = E96FFE682A02B35100F2630D /* Preview Assets.xcassets */; };
		E96FFE722A02B3AA00F2630D /* SwiftProtobuf in Frameworks */ = {isa = PBXBuildFile; productRef = E96FFE712A02B3AA00F2630D /* SwiftProtobuf */; };
		E96FFE762A02B3D100F2630D /* CustomClient.swift in Sources */ = {isa = PBXBuildFile; fileRef = E96FFE732A02B3D100F2630D /* CustomClient.swift */; };
		E96FFE772A02B3D100F2630D /* model.proto in Sources */ = {isa = PBXBuildFile; fileRef = E96FFE742A02B3D100F2630D /* model.proto */; };
		E96FFE782A02B3D100F2630D /* model.pb.swift in Sources */ = {isa = PBXBuildFile; fileRef = E96FFE752A02B3D100F2630D /* model.pb.swift */; };
		E96FFE7B2A02B3E700F2630D /* SotoLambda in Frameworks */ = {isa = PBXBuildFile; productRef = E96FFE7A2A02B3E700F2630D /* SotoLambda */; };
/* End PBXBuildFile section */

/* Begin PBXFileReference section */
		E96FFE5E2A02B35000F2630D /* vimeo-uploader-swift.app */ = {isa = PBXFileReference; explicitFileType = wrapper.application; includeInIndex = 0; path = "vimeo-uploader-swift.app"; sourceTree = BUILT_PRODUCTS_DIR; };
		E96FFE612A02B35000F2630D /* vimeo_uploader_swiftApp.swift */ = {isa = PBXFileReference; lastKnownFileType = sourcecode.swift; path = vimeo_uploader_swiftApp.swift; sourceTree = "<group>"; };
		E96FFE632A02B35000F2630D /* ContentView.swift */ = {isa = PBXFileReference; lastKnownFileType = sourcecode.swift; path = ContentView.swift; sourceTree = "<group>"; };
		E96FFE652A02B35100F2630D /* Assets.xcassets */ = {isa = PBXFileReference; lastKnownFileType = folder.assetcatalog; path = Assets.xcassets; sourceTree = "<group>"; };
		E96FFE682A02B35100F2630D /* Preview Assets.xcassets */ = {isa = PBXFileReference; lastKnownFileType = folder.assetcatalog; path = "Preview Assets.xcassets"; sourceTree = "<group>"; };
		E96FFE6A2A02B35100F2630D /* vimeo_uploader_swift.entitlements */ = {isa = PBXFileReference; lastKnownFileType = text.plist.entitlements; path = vimeo_uploader_swift.entitlements; sourceTree = "<group>"; };
		E96FFE732A02B3D100F2630D /* CustomClient.swift */ = {isa = PBXFileReference; fileEncoding = 4; lastKnownFileType = sourcecode.swift; path = CustomClient.swift; sourceTree = "<group>"; };
		E96FFE742A02B3D100F2630D /* model.proto */ = {isa = PBXFileReference; fileEncoding = 4; lastKnownFileType = sourcecode.protobuf; path = model.proto; sourceTree = "<group>"; };
		E96FFE752A02B3D100F2630D /* model.pb.swift */ = {isa = PBXFileReference; fileEncoding = 4; lastKnownFileType = sourcecode.swift; path = model.pb.swift; sourceTree = "<group>"; };
		E96FFE7C2A02B62600F2630D /* vimeo-uploader-swiftRelease.entitlements */ = {isa = PBXFileReference; lastKnownFileType = text.plist.entitlements; path = "vimeo-uploader-swiftRelease.entitlements"; sourceTree = "<group>"; };
/* End PBXFileReference section */

/* Begin PBXFrameworksBuildPhase section */
		E96FFE5B2A02B35000F2630D /* Frameworks */ = {
			isa = PBXFrameworksBuildPhase;
			buildActionMask = 2147483647;
			files = (
				E96FFE7B2A02B3E700F2630D /* SotoLambda in Frameworks */,
				E96FFE722A02B3AA00F2630D /* SwiftProtobuf in Frameworks */,
			);
			runOnlyForDeploymentPostprocessing = 0;
		};
/* End PBXFrameworksBuildPhase section */

/* Begin PBXGroup section */
		E96FFE552A02B35000F2630D = {
			isa = PBXGroup;
			children = (
				E96FFE602A02B35000F2630D /* vimeo-uploader-swift */,
				E96FFE5F2A02B35000F2630D /* Products */,
			);
			sourceTree = "<group>";
		};
		E96FFE5F2A02B35000F2630D /* Products */ = {
			isa = PBXGroup;
			children = (
				E96FFE5E2A02B35000F2630D /* vimeo-uploader-swift.app */,
			);
			name = Products;
			sourceTree = "<group>";
		};
		E96FFE602A02B35000F2630D /* vimeo-uploader-swift */ = {
			isa = PBXGroup;
			children = (
				E96FFE7C2A02B62600F2630D /* vimeo-uploader-swiftRelease.entitlements */,
				E96FFE732A02B3D100F2630D /* CustomClient.swift */,
				E96FFE752A02B3D100F2630D /* model.pb.swift */,
				E96FFE742A02B3D100F2630D /* model.proto */,
				E96FFE612A02B35000F2630D /* vimeo_uploader_swiftApp.swift */,
				E96FFE632A02B35000F2630D /* ContentView.swift */,
				E96FFE652A02B35100F2630D /* Assets.xcassets */,
				E96FFE6A2A02B35100F2630D /* vimeo_uploader_swift.entitlements */,
				E96FFE672A02B35100F2630D /* Preview Content */,
			);
			path = "vimeo-uploader-swift";
			sourceTree = "<group>";
		};
		E96FFE672A02B35100F2630D /* Preview Content */ = {
			isa = PBXGroup;
			children = (
				E96FFE682A02B35100F2630D /* Preview Assets.xcassets */,
			);
			path = "Preview Content";
			sourceTree = "<group>";
		};
/* End PBXGroup section */

/* Begin PBXNativeTarget section */
		E96FFE5D2A02B35000F2630D /* vimeo-uploader-swift */ = {
			isa = PBXNativeTarget;
			buildConfigurationList = E96FFE6D2A02B35100F2630D /* Build configuration list for PBXNativeTarget "vimeo-uploader-swift" */;
			buildPhases = (
				E96FFE5A2A02B35000F2630D /* Sources */,
				E96FFE5B2A02B35000F2630D /* Frameworks */,
				E96FFE5C2A02B35000F2630D /* Resources */,
			);
			buildRules = (
			);
			dependencies = (
			);
			name = "vimeo-uploader-swift";
			packageProductDependencies = (
				E96FFE712A02B3AA00F2630D /* SwiftProtobuf */,
				E96FFE7A2A02B3E700F2630D /* SotoLambda */,
			);
			productName = "vimeo-uploader-swift";
			productReference = E96FFE5E2A02B35000F2630D /* vimeo-uploader-swift.app */;
			productType = "com.apple.product-type.application";
		};
/* End PBXNativeTarget section */

/* Begin PBXProject section */
		E96FFE562A02B35000F2630D /* Project object */ = {
			isa = PBXProject;
			attributes = {
				BuildIndependentTargetsInParallel = 1;
				LastSwiftUpdateCheck = 1430;
				LastUpgradeCheck = 1430;
				TargetAttributes = {
					E96FFE5D2A02B35000F2630D = {
						CreatedOnToolsVersion = 14.3;
					};
				};
			};
			buildConfigurationList = E96FFE592A02B35000F2630D /* Build configuration list for PBXProject "vimeo-uploader-swift" */;
			compatibilityVersion = "Xcode 14.0";
			developmentRegion = en;
			hasScannedForEncodings = 0;
			knownRegions = (
				en,
				Base,
			);
			mainGroup = E96FFE552A02B35000F2630D;
			packageReferences = (
				E96FFE702A02B3AA00F2630D /* XCRemoteSwiftPackageReference "swift-protobuf" */,
				E96FFE792A02B3E600F2630D /* XCRemoteSwiftPackageReference "soto" */,
			);
			productRefGroup = E96FFE5F2A02B35000F2630D /* Products */;
			projectDirPath = "";
			projectRoot = "";
			targets = (
				E96FFE5D2A02B35000F2630D /* vimeo-uploader-swift */,
			);
		};
/* End PBXProject section */

/* Begin PBXResourcesBuildPhase section */
		E96FFE5C2A02B35000F2630D /* Resources */ = {
			isa = PBXResourcesBuildPhase;
			buildActionMask = 2147483647;
			files = (
				E96FFE692A02B35100F2630D /* Preview Assets.xcassets in Resources */,
				E96FFE662A02B35100F2630D /* Assets.xcassets in Resources */,
			);
			runOnlyForDeploymentPostprocessing = 0;
		};
/* End PBXResourcesBuildPhase section */

/* Begin PBXSourcesBuildPhase section */
		E96FFE5A2A02B35000F2630D /* Sources */ = {
			isa = PBXSourcesBuildPhase;
			buildActionMask = 2147483647;
			files = (
				E96FFE642A02B35000F2630D /* ContentView.swift in Sources */,
				E96FFE782A02B3D100F2630D /* model.pb.swift in Sources */,
				E96FFE622A02B35000F2630D /* vimeo_uploader_swiftApp.swift in Sources */,
				E96FFE772A02B3D100F2630D /* model.proto in Sources */,
				E96FFE762A02B3D100F2630D /* CustomClient.swift in Sources */,
			);
			runOnlyForDeploymentPostprocessing = 0;
		};
/* End PBXSourcesBuildPhase section */

/* Begin XCBuildConfiguration section */
		E96FFE6B2A02B35100F2630D /* Debug */ = {
			isa = XCBuildConfiguration;
			buildSettings = {
				ALWAYS_SEARCH_USER_PATHS = NO;
				CLANG_ANALYZER_NONNULL = YES;
				CLANG_ANALYZER_NUMBER_OBJECT_CONVERSION = YES_AGGRESSIVE;
				CLANG_CXX_LANGUAGE_STANDARD = "gnu++20";
				CLANG_ENABLE_MODULES = YES;
				CLANG_ENABLE_OBJC_ARC = YES;
				CLANG_ENABLE_OBJC_WEAK = YES;
				CLANG_WARN_BLOCK_CAPTURE_AUTORELEASING = YES;
				CLANG_WARN_BOOL_CONVERSION = YES;
				CLANG_WARN_COMMA = YES;
				CLANG_WARN_CONSTANT_CONVERSION = YES;
				CLANG_WARN_DEPRECATED_OBJC_IMPLEMENTATIONS = YES;
				CLANG_WARN_DIRECT_OBJC_ISA_USAGE = YES_ERROR;
				CLANG_WARN_DOCUMENTATION_COMMENTS = YES;
				CLANG_WARN_EMPTY_BODY = YES;
				CLANG_WARN_ENUM_CONVERSION = YES;
				CLANG_WARN_INFINITE_RECURSION = YES;
				CLANG_WARN_INT_CONVERSION = YES;
				CLANG_WARN_NON_LITERAL_NULL_CONVERSION = YES;
				CLANG_WARN_OBJC_IMPLICIT_RETAIN_SELF = YES;
				CLANG_WARN_OBJC_LITERAL_CONVERSION = YES;
				CLANG_WARN_OBJC_ROOT_CLASS = YES_ERROR;
				CLANG_WARN_QUOTED_INCLUDE_IN_FRAMEWORK_HEADER = YES;
				CLANG_WARN_RANGE_LOOP_ANALYSIS = YES;
				CLANG_WARN_STRICT_PROTOTYPES = YES;
				CLANG_WARN_SUSPICIOUS_MOVE = YES;
				CLANG_WARN_UNGUARDED_AVAILABILITY = YES_AGGRESSIVE;
				CLANG_WARN_UNREACHABLE_CODE = YES;
				CLANG_WARN__DUPLICATE_METHOD_MATCH = YES;
				COPY_PHASE_STRIP = NO;
				DEBUG_INFORMATION_FORMAT = dwarf;
				ENABLE_STRICT_OBJC_MSGSEND = YES;
				ENABLE_TESTABILITY = YES;
				GCC_C_LANGUAGE_STANDARD = gnu11;
				GCC_DYNAMIC_NO_PIC = NO;
				GCC_NO_COMMON_BLOCKS = YES;
				GCC_OPTIMIZATION_LEVEL = 0;
				GCC_PREPROCESSOR_DEFINITIONS = (
					"DEBUG=1",
					"$(inherited)",
				);
				GCC_WARN_64_TO_32_BIT_CONVERSION = YES;
				GCC_WARN_ABOUT_RETURN_TYPE = YES_ERROR;
				GCC_WARN_UNDECLARED_SELECTOR = YES;
				GCC_WARN_UNINITIALIZED_AUTOS = YES_AGGRESSIVE;
				GCC_WARN_UNUSED_FUNCTION = YES;
				GCC_WARN_UNUSED_VARIABLE = YES;
				MACOSX_DEPLOYMENT_TARGET = 13.3;
				MTL_ENABLE_DEBUG_INFO = INCLUDE_SOURCE;
				MTL_FAST_MATH = YES;
				ONLY_ACTIVE_ARCH = YES;
				SDKROOT = macosx;
				SWIFT_ACTIVE_COMPILATION_CONDITIONS = DEBUG;
				SWIFT_OPTIMIZATION_LEVEL = "-Onone";
			};
			name = Debug;
		};
		E96FFE6C2A02B35100F2630D /* Release */ = {
			isa = XCBuildConfiguration;
			buildSettings = {
				ALWAYS_SEARCH_USER_PATHS = NO;
				CLANG_ANALYZER_NONNULL = YES;
				CLANG_ANALYZER_NUMBER_OBJECT_CONVERSION = YES_AGGRESSIVE;
				CLANG_CXX_LANGUAGE_STANDARD = "gnu++20";
				CLANG_ENABLE_MODULES = YES;
				CLANG_ENABLE_OBJC_ARC = YES;
				CLANG_ENABLE_OBJC_WEAK = YES;
				CLANG_WARN_BLOCK_CAPTURE_AUTORELEASING = YES;
				CLANG_WARN_BOOL_CONVERSION = YES;
				CLANG_WARN_COMMA = YES;
				CLANG_WARN_CONSTANT_CONVERSION = YES;
				CLANG_WARN_DEPRECATED_OBJC_IMPLEMENTATIONS = YES;
				CLANG_WARN_DIRECT_OBJC_ISA_USAGE = YES_ERROR;
				CLANG_WARN_DOCUMENTATION_COMMENTS = YES;
				CLANG_WARN_EMPTY_BODY = YES;
				CLANG_WARN_ENUM_CONVERSION = YES;
				CLANG_WARN_INFINITE_RECURSION = YES;
				CLANG_WARN_INT_CONVERSION = YES;
				CLANG_WARN_NON_LITERAL_NULL_CONVERSION = YES;
				CLANG_WARN_OBJC_IMPLICIT_RETAIN_SELF = YES;
				CLANG_WARN_OBJC_LITERAL_CONVERSION = YES;
				CLANG_WARN_OBJC_ROOT_CLASS = YES_ERROR;
				CLANG_WARN_QUOTED_INCLUDE_IN_FRAMEWORK_HEADER = YES;
				CLANG_WARN_RANGE_LOOP_ANALYSIS = YES;
				CLANG_WARN_STRICT_PROTOTYPES = YES;
				CLANG_WARN_SUSPICIOUS_MOVE = YES;
				CLANG_WARN_UNGUARDED_AVAILABILITY = YES_AGGRESSIVE;
				CLANG_WARN_UNREACHABLE_CODE = YES;
				CLANG_WARN__DUPLICATE_METHOD_MATCH = YES;
				COPY_PHASE_STRIP = NO;
				DEBUG_INFORMATION_FORMAT = "dwarf-with-dsym";
				ENABLE_NS_ASSERTIONS = NO;
				ENABLE_STRICT_OBJC_MSGSEND = YES;
				GCC_C_LANGUAGE_STANDARD = gnu11;
				GCC_NO_COMMON_BLOCKS = YES;
				GCC_WARN_64_TO_32_BIT_CONVERSION = YES;
				GCC_WARN_ABOUT_RETURN_TYPE = YES_ERROR;
				GCC_WARN_UNDECLARED_SELECTOR = YES;
				GCC_WARN_UNINITIALIZED_AUTOS = YES_AGGRESSIVE;
				GCC_WARN_UNUSED_FUNCTION = YES;
				GCC_WARN_UNUSED_VARIABLE = YES;
				MACOSX_DEPLOYMENT_TARGET = 13.3;
				MTL_ENABLE_DEBUG_INFO = NO;
				MTL_FAST_MATH = YES;
				SDKROOT = macosx;
				SWIFT_COMPILATION_MODE = wholemodule;
				SWIFT_OPTIMIZATION_LEVEL = "-O";
			};
			name = Release;
		};
		E96FFE6E2A02B35100F2630D /* Debug */ = {
			isa = XCBuildConfiguration;
			buildSettings = {
				ASSETCATALOG_COMPILER_APPICON_NAME = AppIcon;
				ASSETCATALOG_COMPILER_GLOBAL_ACCENT_COLOR_NAME = AccentColor;
				CODE_SIGN_ENTITLEMENTS = "vimeo-uploader-swift/vimeo_uploader_swift.entitlements";
				CODE_SIGN_STYLE = Automatic;
				COMBINE_HIDPI_IMAGES = YES;
				CURRENT_PROJECT_VERSION = 1;
				DEVELOPMENT_ASSET_PATHS = "\"vimeo-uploader-swift/Preview Content\"";
				DEVELOPMENT_TEAM = EBY7449492;
				ENABLE_HARDENED_RUNTIME = YES;
				ENABLE_PREVIEWS = YES;
				GENERATE_INFOPLIST_FILE = YES;
				INFOPLIST_KEY_CFBundleDisplayName = "vimeo-uploader-swift";
				INFOPLIST_KEY_LSApplicationCategoryType = "public.app-category.productivity";
				INFOPLIST_KEY_NSHumanReadableCopyright = "";
				LD_RUNPATH_SEARCH_PATHS = (
					"$(inherited)",
					"@executable_path/../Frameworks",
				);
				MARKETING_VERSION = 1.0;
				PRODUCT_BUNDLE_IDENTIFIER = "com.davidjeong.vimeo-uploader-swift";
				PRODUCT_NAME = "$(TARGET_NAME)";
				SWIFT_EMIT_LOC_STRINGS = YES;
				SWIFT_VERSION = 5.0;
			};
			name = Debug;
		};
		E96FFE6F2A02B35100F2630D /* Release */ = {
			isa = XCBuildConfiguration;
			buildSettings = {
				ASSETCATALOG_COMPILER_APPICON_NAME = AppIcon;
				ASSETCATALOG_COMPILER_GLOBAL_ACCENT_COLOR_NAME = AccentColor;
				CODE_SIGN_ENTITLEMENTS = "vimeo-uploader-swift/vimeo-uploader-swiftRelease.entitlements";
				CODE_SIGN_STYLE = Automatic;
				COMBINE_HIDPI_IMAGES = YES;
				CURRENT_PROJECT_VERSION = 1;
				DEVELOPMENT_ASSET_PATHS = "\"vimeo-uploader-swift/Preview Content\"";
				DEVELOPMENT_TEAM = EBY7449492;
				ENABLE_HARDENED_RUNTIME = YES;
				ENABLE_PREVIEWS = YES;
				GENERATE_INFOPLIST_FILE = YES;
				INFOPLIST_KEY_CFBundleDisplayName = "vimeo-uploader-swift";
				INFOPLIST_KEY_LSApplicationCategoryType = "public.app-category.productivity";
				INFOPLIST_KEY_NSHumanReadableCopyright = "";
				LD_RUNPATH_SEARCH_PATHS = (
					"$(inherited)",
					"@executable_path/../Frameworks",
				);
				MARKETING_VERSION = 1.0;
				PRODUCT_BUNDLE_IDENTIFIER = "com.davidjeong.vimeo-uploader-swift";
				PRODUCT_NAME = "$(TARGET_NAME)";
				SWIFT_EMIT_LOC_STRINGS = YES;
				SWIFT_VERSION = 5.0;
			};
			name = Release;
		};
/* End XCBuildConfiguration section */

/* Begin XCConfigurationList section */
		E96FFE592A02B35000F2630D /* Build configuration list for PBXProject "vimeo-uploader-swift" */ = {
			isa = XCConfigurationList;
			buildConfigurations = (
				E96FFE6B2A02B35100F2630D /* Debug */,
				E96FFE6C2A02B35100F2630D /* Release */,
			);
			defaultConfigurationIsVisible = 0;
			defaultConfigurationName = Release;
		};
		E96FFE6D2A02B35100F2630D /* Build configuration list for PBXNativeTarget "vimeo-uploader-swift" */ = {
			isa = XCConfigurationList;
			buildConfigurations = (
				E96FFE6E2A02B35100F2630D /* Debug */,
				E96FFE6F2A02B35100F2630D /* Release */,
			);
			defaultConfigurationIsVisible = 0;
			defaultConfigurationName = Release;
		};
/* End XCConfigurationList section */

/* Begin XCRemoteSwiftPackageReference section */
		E96FFE702A02B3AA00F2630D /* XCRemoteSwiftPackageReference "swift-protobuf" */ = {
			isa = XCRemoteSwiftPackageReference;
			repositoryURL = "https://github.com/apple/swift-protobuf.git";
			requirement = {
				kind = upToNextMajorVersion;
				minimumVersion = 1.0.0;
			};
		};
		E96FFE792A02B3E600F2630D /* XCRemoteSwiftPackageReference "soto" */ = {
			isa = XCRemoteSwiftPackageReference;
			repositoryURL = "https://github.com/soto-project/soto.git";
			requirement = {
				kind = upToNextMajorVersion;
				minimumVersion = 6.0.0;
			};
		};
/* End XCRemoteSwiftPackageReference section */

/* Begin XCSwiftPackageProductDependency section */
		E96FFE712A02B3AA00F2630D /* SwiftProtobuf */ = {
			isa = XCSwiftPackageProductDependency;
			package = E96FFE702A02B3AA00F2630D /* XCRemoteSwiftPackageReference "swift-protobuf" */;
			productName = SwiftProtobuf;
		};
		E96FFE7A2A02B3E700F2630D /* SotoLambda */ = {
			isa = XCSwiftPackageProductDependency;
			package = E96FFE792A02B3E600F2630D /* XCRemoteSwiftPackageReference "soto" */;
			productName = SotoLambda;
		};
/* End XCSwiftPackageProductDependency section */
	};
	rootObject = E96FFE562A02B35000F2630D /* Project object */;
}
